
Microsoft Visual Studio Solution File, Format Version 12.00
# Visual Studio Version 17
VisualStudioVersion = 17.14.36221.1 d17.14
MinimumVisualStudioVersion = 10.0.40219.1
Project("{FAE04EC0-301F-11D3-BF4B-00C04F79EFBC}") = "PARESH_TANNA", "PARESH_TANNA.csproj", "{BDFE246D-CFAC-4118-8B2F-8BA8D93E7BC3}"
EndProject
Global
	GlobalSection(SolutionConfigurationPlatforms) = preSolution
		Debug|Any CPU = Debug|Any CPU
		Release|Any CPU = Release|Any CPU
	EndGlobalSection
	GlobalSection(ProjectConfigurationPlatforms) = postSolution
		{BDFE246D-CFAC-4118-8B2F-8BA8D93E7BC3}.Debug|Any CPU.ActiveCfg = Debug|Any CPU
		{BDFE246D-CFAC-4118-8B2F-8BA8D93E7BC3}.Debug|Any CPU.Build.0 = Debug|Any CPU
		{BDFE246D-CFAC-4118-8B2F-8BA8D93E7BC3}.Release|Any CPU.ActiveCfg = Release|Any CPU
		{BDFE246D-CFAC-4118-8B2F-8BA8D93E7BC3}.Release|Any CPU.Build.0 = Release|Any CPU
	EndGlobalSection
	GlobalSection(SolutionProperties) = preSolution
		HideSolutionNode = FALSE
	EndGlobalSection
	GlobalSection(ExtensibilityGlobals) = postSolution
		SolutionGuid = {CD71928D-25FF-4083-95D7-03BEA1F89431}
	EndGlobalSection
EndGlobal
